// !$*UTF8*$!
{
	archiveVersion = 1;
	classes = {
	};
	objectVersion = 48;
	objects = {

/* Begin PBXBuildFile section */
		33FC3624A97CD486BD41B9AD /* Pods_pinner.framework in Frameworks */ = {isa = PBXBuildFile; fileRef = F5BB9469EFB703639891AEF9 /* Pods_pinner.framework */; };
		490CFE8F1F71783100EB83BF /* CustomServerTrustPolicyManager.swift in Sources */ = {isa = PBXBuildFile; fileRef = 490CFE8E1F71783100EB83BF /* CustomServerTrustPolicyManager.swift */; };
		490CFE911F72574E00EB83BF /* infinumco.crt in Resources */ = {isa = PBXBuildFile; fileRef = 490CFE901F72574E00EB83BF /* infinumco.crt */; };
		490CFE951F72D63300EB83BF /* CustomSessionDelegate.swift in Sources */ = {isa = PBXBuildFile; fileRef = 490CFE941F72D63300EB83BF /* CustomSessionDelegate.swift */; };
		49F5C8411F6BCA2700D3F8FB /* AppDelegate.swift in Sources */ = {isa = PBXBuildFile; fileRef = 49F5C8401F6BCA2700D3F8FB /* AppDelegate.swift */; };
		49F5C8431F6BCA2700D3F8FB /* ViewController.swift in Sources */ = {isa = PBXBuildFile; fileRef = 49F5C8421F6BCA2700D3F8FB /* ViewController.swift */; };
		49F5C8461F6BCA2700D3F8FB /* Main.storyboard in Resources */ = {isa = PBXBuildFile; fileRef = 49F5C8441F6BCA2700D3F8FB /* Main.storyboard */; };
		49F5C8481F6BCA2700D3F8FB /* Assets.xcassets in Resources */ = {isa = PBXBuildFile; fileRef = 49F5C8471F6BCA2700D3F8FB /* Assets.xcassets */; };
		49F5C84B1F6BCA2700D3F8FB /* LaunchScreen.storyboard in Resources */ = {isa = PBXBuildFile; fileRef = 49F5C8491F6BCA2700D3F8FB /* LaunchScreen.storyboard */; };
/* End PBXBuildFile section */

/* Begin PBXFileReference section */
		490CFE8E1F71783100EB83BF /* CustomServerTrustPolicyManager.swift */ = {isa = PBXFileReference; lastKnownFileType = sourcecode.swift; path = CustomServerTrustPolicyManager.swift; sourceTree = "<group>"; };
		490CFE901F72574E00EB83BF /* infinumco.crt */ = {isa = PBXFileReference; lastKnownFileType = file; path = infinumco.crt; sourceTree = "<group>"; };
		490CFE941F72D63300EB83BF /* CustomSessionDelegate.swift */ = {isa = PBXFileReference; lastKnownFileType = sourcecode.swift; path = CustomSessionDelegate.swift; sourceTree = "<group>"; };
		49F5C83D1F6BCA2700D3F8FB /* pinner.app */ = {isa = PBXFileReference; explicitFileType = wrapper.application; includeInIndex = 0; path = pinner.app; sourceTree = BUILT_PRODUCTS_DIR; };
		49F5C8401F6BCA2700D3F8FB /* AppDelegate.swift */ = {isa = PBXFileReference; lastKnownFileType = sourcecode.swift; path = AppDelegate.swift; sourceTree = "<group>"; };
		49F5C8421F6BCA2700D3F8FB /* ViewController.swift */ = {isa = PBXFileReference; lastKnownFileType = sourcecode.swift; path = ViewController.swift; sourceTree = "<group>"; };
		49F5C8451F6BCA2700D3F8FB /* Base */ = {isa = PBXFileReference; lastKnownFileType = file.storyboard; name = Base; path = Base.lproj/Main.storyboard; sourceTree = "<group>"; };
		49F5C8471F6BCA2700D3F8FB /* Assets.xcassets */ = {isa = PBXFileReference; lastKnownFileType = folder.assetcatalog; path = Assets.xcassets; sourceTree = "<group>"; };
		49F5C84A1F6BCA2700D3F8FB /* Base */ = {isa = PBXFileReference; lastKnownFileType = file.storyboard; name = Base; path = Base.lproj/LaunchScreen.storyboard; sourceTree = "<group>"; };
		49F5C84C1F6BCA2700D3F8FB /* Info.plist */ = {isa = PBXFileReference; lastKnownFileType = text.plist.xml; path = Info.plist; sourceTree = "<group>"; };
		8CFCEAFB2474202BC21E003D /* Pods-pinner.release.xcconfig */ = {isa = PBXFileReference; includeInIndex = 1; lastKnownFileType = text.xcconfig; name = "Pods-pinner.release.xcconfig"; path = "Pods/Target Support Files/Pods-pinner/Pods-pinner.release.xcconfig"; sourceTree = "<group>"; };
		9F8A7A9936674CF05425908E /* Pods-pinner.debug.xcconfig */ = {isa = PBXFileReference; includeInIndex = 1; lastKnownFileType = text.xcconfig; name = "Pods-pinner.debug.xcconfig"; path = "Pods/Target Support Files/Pods-pinner/Pods-pinner.debug.xcconfig"; sourceTree = "<group>"; };
		F5BB9469EFB703639891AEF9 /* Pods_pinner.framework */ = {isa = PBXFileReference; explicitFileType = wrapper.framework; includeInIndex = 0; path = Pods_pinner.framework; sourceTree = BUILT_PRODUCTS_DIR; };
/* End PBXFileReference section */

/* Begin PBXFrameworksBuildPhase section */
		49F5C83A1F6BCA2700D3F8FB /* Frameworks */ = {
			isa = PBXFrameworksBuildPhase;
			buildActionMask = 2147483647;
			files = (
				33FC3624A97CD486BD41B9AD /* Pods_pinner.framework in Frameworks */,
			);
			runOnlyForDeploymentPostprocessing = 0;
		};
/* End PBXFrameworksBuildPhase section */

/* Begin PBXGroup section */
		0DA612D8E7DC89C7311E2E49 /* Frameworks */ = {
			isa = PBXGroup;
			children = (
				F5BB9469EFB703639891AEF9 /* Pods_pinner.framework */,
			);
			name = Frameworks;
			sourceTree = "<group>";
		};
		2D62074DC54AFD8C918B1FC3 /* Pods */ = {
			isa = PBXGroup;
			children = (
				9F8A7A9936674CF05425908E /* Pods-pinner.debug.xcconfig */,
				8CFCEAFB2474202BC21E003D /* Pods-pinner.release.xcconfig */,
			);
			name = Pods;
			sourceTree = "<group>";
		};
		49F5C8341F6BCA2700D3F8FB = {
			isa = PBXGroup;
			children = (
				49F5C83F1F6BCA2700D3F8FB /* pinner */,
				49F5C83E1F6BCA2700D3F8FB /* Products */,
				2D62074DC54AFD8C918B1FC3 /* Pods */,
				0DA612D8E7DC89C7311E2E49 /* Frameworks */,
			);
			sourceTree = "<group>";
		};
		49F5C83E1F6BCA2700D3F8FB /* Products */ = {
			isa = PBXGroup;
			children = (
				49F5C83D1F6BCA2700D3F8FB /* pinner.app */,
			);
			name = Products;
			sourceTree = "<group>";
		};
		49F5C83F1F6BCA2700D3F8FB /* pinner */ = {
			isa = PBXGroup;
			children = (
				490CFE901F72574E00EB83BF /* infinumco.crt */,
				49F5C8401F6BCA2700D3F8FB /* AppDelegate.swift */,
				49F5C8421F6BCA2700D3F8FB /* ViewController.swift */,
				490CFE8E1F71783100EB83BF /* CustomServerTrustPolicyManager.swift */,
				490CFE941F72D63300EB83BF /* CustomSessionDelegate.swift */,
				49F5C8441F6BCA2700D3F8FB /* Main.storyboard */,
				49F5C8471F6BCA2700D3F8FB /* Assets.xcassets */,
				49F5C8491F6BCA2700D3F8FB /* LaunchScreen.storyboard */,
				49F5C84C1F6BCA2700D3F8FB /* Info.plist */,
			);
			path = pinner;
			sourceTree = "<group>";
		};
/* End PBXGroup section */

/* Begin PBXNativeTarget section */
		49F5C83C1F6BCA2700D3F8FB /* pinner */ = {
			isa = PBXNativeTarget;
			buildConfigurationList = 49F5C84F1F6BCA2700D3F8FB /* Build configuration list for PBXNativeTarget "pinner" */;
			buildPhases = (
				837859FAA51FC80B0DBA9860 /* [CP] Check Pods Manifest.lock */,
				49F5C8391F6BCA2700D3F8FB /* Sources */,
				49F5C83A1F6BCA2700D3F8FB /* Frameworks */,
				49F5C83B1F6BCA2700D3F8FB /* Resources */,
				BE4B414D13246490758256F8 /* [CP] Embed Pods Frameworks */,
				C9FC67947D7D59CBDCD1F22C /* [CP] Copy Pods Resources */,
			);
			buildRules = (
			);
			dependencies = (
			);
			name = pinner;
			productName = pinner;
			productReference = 49F5C83D1F6BCA2700D3F8FB /* pinner.app */;
			productType = "com.apple.product-type.application";
		};
/* End PBXNativeTarget section */

/* Begin PBXProject section */
		49F5C8351F6BCA2700D3F8FB /* Project object */ = {
			isa = PBXProject;
			attributes = {
				LastSwiftUpdateCheck = 0900;
				LastUpgradeCheck = 0900;
				ORGANIZATIONNAME = Infinum;
				TargetAttributes = {
					49F5C83C1F6BCA2700D3F8FB = {
						CreatedOnToolsVersion = 9.0;
						ProvisioningStyle = Automatic;
					};
				};
			};
			buildConfigurationList = 49F5C8381F6BCA2700D3F8FB /* Build configuration list for PBXProject "pinner" */;
			compatibilityVersion = "Xcode 8.0";
			developmentRegion = en;
			hasScannedForEncodings = 0;
			knownRegions = (
				en,
				Base,
			);
			mainGroup = 49F5C8341F6BCA2700D3F8FB;
			productRefGroup = 49F5C83E1F6BCA2700D3F8FB /* Products */;
			projectDirPath = "";
			projectRoot = "";
			targets = (
				49F5C83C1F6BCA2700D3F8FB /* pinner */,
			);
		};
/* End PBXProject section */

/* Begin PBXResourcesBuildPhase section */
		49F5C83B1F6BCA2700D3F8FB /* Resources */ = {
			isa = PBXResourcesBuildPhase;
			buildActionMask = 2147483647;
			files = (
				490CFE911F72574E00EB83BF /* infinumco.crt in Resources */,
				49F5C84B1F6BCA2700D3F8FB /* LaunchScreen.storyboard in Resources */,
				49F5C8481F6BCA2700D3F8FB /* Assets.xcassets in Resources */,
				49F5C8461F6BCA2700D3F8FB /* Main.storyboard in Resources */,
			);
			runOnlyForDeploymentPostprocessing = 0;
		};
/* End PBXResourcesBuildPhase section */

/* Begin PBXShellScriptBuildPhase section */
		837859FAA51FC80B0DBA9860 /* [CP] Check Pods Manifest.lock */ = {
			isa = PBXShellScriptBuildPhase;
			buildActionMask = 2147483647;
			files = (
			);
			inputPaths = (
				"${PODS_PODFILE_DIR_PATH}/Podfile.lock",
				"${PODS_ROOT}/Manifest.lock",
			);
			name = "[CP] Check Pods Manifest.lock";
			outputPaths = (
				"$(DERIVED_FILE_DIR)/Pods-pinner-checkManifestLockResult.txt",
			);
			runOnlyForDeploymentPostprocessing = 0;
			shellPath = /bin/sh;
			shellScript = "diff \"${PODS_PODFILE_DIR_PATH}/Podfile.lock\" \"${PODS_ROOT}/Manifest.lock\" > /dev/null\nif [ $? != 0 ] ; then\n    # print error to STDERR\n    echo \"error: The sandbox is not in sync with the Podfile.lock. Run 'pod install' or update your CocoaPods installation.\" >&2\n    exit 1\nfi\n# This output is used by Xcode 'outputs' to avoid re-running this script phase.\necho \"SUCCESS\" > \"${SCRIPT_OUTPUT_FILE_0}\"\n";
			showEnvVarsInLog = 0;
		};
		BE4B414D13246490758256F8 /* [CP] Embed Pods Frameworks */ = {
			isa = PBXShellScriptBuildPhase;
			buildActionMask = 2147483647;
			files = (
			);
			inputPaths = (
				"${SRCROOT}/Pods/Target Support Files/Pods-pinner/Pods-pinner-frameworks.sh",
				"${BUILT_PRODUCTS_DIR}/Alamofire/Alamofire.framework",
			);
			name = "[CP] Embed Pods Frameworks";
			outputPaths = (
				"${TARGET_BUILD_DIR}/${FRAMEWORKS_FOLDER_PATH}/Alamofire.framework",
			);
			runOnlyForDeploymentPostprocessing = 0;
			shellPath = /bin/sh;
			shellScript = "\"${SRCROOT}/Pods/Target Support Files/Pods-pinner/Pods-pinner-frameworks.sh\"\n";
			showEnvVarsInLog = 0;
		};
		C9FC67947D7D59CBDCD1F22C /* [CP] Copy Pods Resources */ = {
			isa = PBXShellScriptBuildPhase;
			buildActionMask = 2147483647;
			files = (
			);
			inputPaths = (
			);
			name = "[CP] Copy Pods Resources";
			outputPaths = (
			);
			runOnlyForDeploymentPostprocessing = 0;
			shellPath = /bin/sh;
			shellScript = "\"${SRCROOT}/Pods/Target Support Files/Pods-pinner/Pods-pinner-resources.sh\"\n";
			showEnvVarsInLog = 0;
		};
/* End PBXShellScriptBuildPhase section */

/* Begin PBXSourcesBuildPhase section */
		49F5C8391F6BCA2700D3F8FB /* Sources */ = {
			isa = PBXSourcesBuildPhase;
			buildActionMask = 2147483647;
			files = (
				490CFE951F72D63300EB83BF /* CustomSessionDelegate.swift in Sources */,
				490CFE8F1F71783100EB83BF /* CustomServerTrustPolicyManager.swift in Sources */,
				49F5C8431F6BCA2700D3F8FB /* ViewController.swift in Sources */,
				49F5C8411F6BCA2700D3F8FB /* AppDelegate.swift in Sources */,
			);
			runOnlyForDeploymentPostprocessing = 0;
		};
/* End PBXSourcesBuildPhase section */

/* Begin PBXVariantGroup section */
		49F5C8441F6BCA2700D3F8FB /* Main.storyboard */ = {
			isa = PBXVariantGroup;
			children = (
				49F5C8451F6BCA2700D3F8FB /* Base */,
			);
			name = Main.storyboard;
			sourceTree = "<group>";
		};
		49F5C8491F6BCA2700D3F8FB /* LaunchScreen.storyboard */ = {
			isa = PBXVariantGroup;
			children = (
				49F5C84A1F6BCA2700D3F8FB /* Base */,
			);
			name = LaunchScreen.storyboard;
			sourceTree = "<group>";
		};
/* End PBXVariantGroup section */

/* Begin XCBuildConfiguration section */
		49F5C84D1F6BCA2700D3F8FB /* Debug */ = {
			isa = XCBuildConfiguration;
			buildSettings = {
				ALWAYS_SEARCH_USER_PATHS = NO;
				CLANG_ANALYZER_NONNULL = YES;
				CLANG_ANALYZER_NUMBER_OBJECT_CONVERSION = YES_AGGRESSIVE;
				CLANG_CXX_LANGUAGE_STANDARD = "gnu++14";
				CLANG_CXX_LIBRARY = "libc++";
				CLANG_ENABLE_MODULES = YES;
				CLANG_ENABLE_OBJC_ARC = YES;
				CLANG_WARN_BLOCK_CAPTURE_AUTORELEASING = YES;
				CLANG_WARN_BOOL_CONVERSION = YES;
				CLANG_WARN_COMMA = YES;
				CLANG_WARN_CONSTANT_CONVERSION = YES;
				CLANG_WARN_DIRECT_OBJC_ISA_USAGE = YES_ERROR;
				CLANG_WARN_DOCUMENTATION_COMMENTS = YES;
				CLANG_WARN_EMPTY_BODY = YES;
				CLANG_WARN_ENUM_CONVERSION = YES;
				CLANG_WARN_INFINITE_RECURSION = YES;
				CLANG_WARN_INT_CONVERSION = YES;
				CLANG_WARN_NON_LITERAL_NULL_CONVERSION = YES;
				CLANG_WARN_OBJC_LITERAL_CONVERSION = YES;
				CLANG_WARN_OBJC_ROOT_CLASS = YES_ERROR;
				CLANG_WARN_RANGE_LOOP_ANALYSIS = YES;
				CLANG_WARN_STRICT_PROTOTYPES = YES;
				CLANG_WARN_SUSPICIOUS_MOVE = YES;
				CLANG_WARN_UNGUARDED_AVAILABILITY = YES_AGGRESSIVE;
				CLANG_WARN_UNREACHABLE_CODE = YES;
				CLANG_WARN__DUPLICATE_METHOD_MATCH = YES;
				CODE_SIGN_IDENTITY = "iPhone Developer";
				COPY_PHASE_STRIP = NO;
				DEBUG_INFORMATION_FORMAT = dwarf;
				ENABLE_STRICT_OBJC_MSGSEND = YES;
				ENABLE_TESTABILITY = YES;
				GCC_C_LANGUAGE_STANDARD = gnu11;
				GCC_DYNAMIC_NO_PIC = NO;
				GCC_NO_COMMON_BLOCKS = YES;
				GCC_OPTIMIZATION_LEVEL = 0;
				GCC_PREPROCESSOR_DEFINITIONS = (
					"DEBUG=1",
					"$(inherited)",
				);
				GCC_WARN_64_TO_32_BIT_CONVERSION = YES;
				GCC_WARN_ABOUT_RETURN_TYPE = YES_ERROR;
				GCC_WARN_UNDECLARED_SELECTOR = YES;
				GCC_WARN_UNINITIALIZED_AUTOS = YES_AGGRESSIVE;
				GCC_WARN_UNUSED_FUNCTION = YES;
				GCC_WARN_UNUSED_VARIABLE = YES;
				IPHONEOS_DEPLOYMENT_TARGET = 11.0;
				MTL_ENABLE_DEBUG_INFO = YES;
				ONLY_ACTIVE_ARCH = YES;
				SDKROOT = iphoneos;
				SWIFT_ACTIVE_COMPILATION_CONDITIONS = DEBUG;
				SWIFT_OPTIMIZATION_LEVEL = "-Onone";
			};
			name = Debug;
		};
		49F5C84E1F6BCA2700D3F8FB /* Release */ = {
			isa = XCBuildConfiguration;
			buildSettings = {
				ALWAYS_SEARCH_USER_PATHS = NO;
				CLANG_ANALYZER_NONNULL = YES;
				CLANG_ANALYZER_NUMBER_OBJECT_CONVERSION = YES_AGGRESSIVE;
				CLANG_CXX_LANGUAGE_STANDARD = "gnu++14";
				CLANG_CXX_LIBRARY = "libc++";
				CLANG_ENABLE_MODULES = YES;
				CLANG_ENABLE_OBJC_ARC = YES;
				CLANG_WARN_BLOCK_CAPTURE_AUTORELEASING = YES;
				CLANG_WARN_BOOL_CONVERSION = YES;
				CLANG_WARN_COMMA = YES;
				CLANG_WARN_CONSTANT_CONVERSION = YES;
				CLANG_WARN_DIRECT_OBJC_ISA_USAGE = YES_ERROR;
				CLANG_WARN_DOCUMENTATION_COMMENTS = YES;
				CLANG_WARN_EMPTY_BODY = YES;
				CLANG_WARN_ENUM_CONVERSION = YES;
				CLANG_WARN_INFINITE_RECURSION = YES;
				CLANG_WARN_INT_CONVERSION = YES;
				CLANG_WARN_NON_LITERAL_NULL_CONVERSION = YES;
				CLANG_WARN_OBJC_LITERAL_CONVERSION = YES;
				CLANG_WARN_OBJC_ROOT_CLASS = YES_ERROR;
				CLANG_WARN_RANGE_LOOP_ANALYSIS = YES;
				CLANG_WARN_STRICT_PROTOTYPES = YES;
				CLANG_WARN_SUSPICIOUS_MOVE = YES;
				CLANG_WARN_UNGUARDED_AVAILABILITY = YES_AGGRESSIVE;
				CLANG_WARN_UNREACHABLE_CODE = YES;
				CLANG_WARN__DUPLICATE_METHOD_MATCH = YES;
				CODE_SIGN_IDENTITY = "iPhone Developer";
				COPY_PHASE_STRIP = NO;
				DEBUG_INFORMATION_FORMAT = "dwarf-with-dsym";
				ENABLE_NS_ASSERTIONS = NO;
				ENABLE_STRICT_OBJC_MSGSEND = YES;
				GCC_C_LANGUAGE_STANDARD = gnu11;
				GCC_NO_COMMON_BLOCKS = YES;
				GCC_WARN_64_TO_32_BIT_CONVERSION = YES;
				GCC_WARN_ABOUT_RETURN_TYPE = YES_ERROR;
				GCC_WARN_UNDECLARED_SELECTOR = YES;
				GCC_WARN_UNINITIALIZED_AUTOS = YES_AGGRESSIVE;
				GCC_WARN_UNUSED_FUNCTION = YES;
				GCC_WARN_UNUSED_VARIABLE = YES;
				IPHONEOS_DEPLOYMENT_TARGET = 11.0;
				MTL_ENABLE_DEBUG_INFO = NO;
				SDKROOT = iphoneos;
				SWIFT_OPTIMIZATION_LEVEL = "-Owholemodule";
				VALIDATE_PRODUCT = YES;
			};
			name = Release;
		};
		49F5C8501F6BCA2700D3F8FB /* Debug */ = {
			isa = XCBuildConfiguration;
			baseConfigurationReference = 9F8A7A9936674CF05425908E /* Pods-pinner.debug.xcconfig */;
			buildSettings = {
				ASSETCATALOG_COMPILER_APPICON_NAME = AppIcon;
				CODE_SIGN_STYLE = Automatic;
				DEVELOPMENT_TEAM = 5F5M64F878;
				INFOPLIST_FILE = pinner/Info.plist;
				LD_RUNPATH_SEARCH_PATHS = "$(inherited) @executable_path/Frameworks";
				PRODUCT_BUNDLE_IDENTIFIER = co.infinum.pinner;
				PRODUCT_NAME = "$(TARGET_NAME)";
				SWIFT_VERSION = 4.0;
				TARGETED_DEVICE_FAMILY = "1,2";
			};
			name = Debug;
		};
		49F5C8511F6BCA2700D3F8FB /* Release */ = {
			isa = XCBuildConfiguration;
			baseConfigurationReference = 8CFCEAFB2474202BC21E003D /* Pods-pinner.release.xcconfig */;
			buildSettings = {
				ASSETCATALOG_COMPILER_APPICON_NAME = AppIcon;
				CODE_SIGN_STYLE = Automatic;
				DEVELOPMENT_TEAM = 5F5M64F878;
				INFOPLIST_FILE = pinner/Info.plist;
				LD_RUNPATH_SEARCH_PATHS = "$(inherited) @executable_path/Frameworks";
				PRODUCT_BUNDLE_IDENTIFIER = co.infinum.pinner;
				PRODUCT_NAME = "$(TARGET_NAME)";
				SWIFT_VERSION = 4.0;
				TARGETED_DEVICE_FAMILY = "1,2";
			};
			name = Release;
		};
/* End XCBuildConfiguration section */

/* Begin XCConfigurationList section */
		49F5C8381F6BCA2700D3F8FB /* Build configuration list for PBXProject "pinner" */ = {
			isa = XCConfigurationList;
			buildConfigurations = (
				49F5C84D1F6BCA2700D3F8FB /* Debug */,
				49F5C84E1F6BCA2700D3F8FB /* Release */,
			);
			defaultConfigurationIsVisible = 0;
			defaultConfigurationName = Release;
		};
		49F5C84F1F6BCA2700D3F8FB /* Build configuration list for PBXNativeTarget "pinner" */ = {
			isa = XCConfigurationList;
			buildConfigurations = (
				49F5C8501F6BCA2700D3F8FB /* Debug */,
				49F5C8511F6BCA2700D3F8FB /* Release */,
			);
			defaultConfigurationIsVisible = 0;
			defaultConfigurationName = Release;
		};
/* End XCConfigurationList section */
	};
	rootObject = 49F5C8351F6BCA2700D3F8FB /* Project object */;
}
